version = 1
requires-python = ">=3.11"

[[package]]
name = "anyio"
version = "4.10.0"
source = { registry = "https://pypi.org/simple" }
dependencies = [
    { name = "idna" },
    { name = "sniffio" },
    { name = "typing-extensions", marker = "python_full_version < '3.13'" },
]
sdist = { url = "https://files.pythonhosted.org/packages/f1/b4/636b3b65173d3ce9a38ef5f0522789614e590dab6a8d505340a4efe4c567/anyio-4.10.0.tar.gz", hash = "sha256:3f3fae35c96039744587aa5b8371e7e8e603c0702999535961dd336026973ba6", size = 213252 }
wheels = [
    { url = "https://files.pythonhosted.org/packages/6f/12/e5e0282d673bb9746bacfb6e2dba8719989d3660cdb2ea79aee9a9651afb/anyio-4.10.0-py3-none-any.whl", hash = "sha256:60e474ac86736bbfd6f210f7a61218939c318f43f9972497381f1c5e930ed3d1", size = 107213 },
]

[[package]]
name = "apscheduler"
version = "3.11.0"
source = { registry = "https://pypi.org/simple" }
dependencies = [
    { name = "tzlocal" },
]
sdist = { url = "https://files.pythonhosted.org/packages/4e/00/6d6814ddc19be2df62c8c898c4df6b5b1914f3bd024b780028caa392d186/apscheduler-3.11.0.tar.gz", hash = "sha256:4c622d250b0955a65d5d0eb91c33e6d43fd879834bf541e0a18661ae60460133", size = 107347 }
wheels = [
    { url = "https://files.pythonhosted.org/packages/d0/ae/9a053dd9229c0fde6b1f1f33f609ccff1ee79ddda364c756a924c6d8563b/APScheduler-3.11.0-py3-none-any.whl", hash = "sha256:fc134ca32e50f5eadcc4938e3a4545ab19131435e851abb40b34d63d5141c6da", size = 64004 },
]

[[package]]
name = "certifi"
version = "2025.8.3"
source = { registry = "https://pypi.org/simple" }
sdist = { url = "https://files.pythonhosted.org/packages/dc/67/960ebe6bf230a96cda2e0abcf73af550ec4f090005363542f0765df162e0/certifi-2025.8.3.tar.gz", hash = "sha256:e564105f78ded564e3ae7c923924435e1daa7463faeab5bb932bc53ffae63407", size = 162386 }
wheels = [
    { url = "https://files.pythonhosted.org/packages/e5/48/1549795ba7742c948d2ad169c1c8cdbae65bc450d6cd753d124b17c8cd32/certifi-2025.8.3-py3-none-any.whl", hash = "sha256:f6c12493cfb1b06ba2ff328595af9350c65d6644968e5d3a2ffd78699af217a5", size = 161216 },
]

[[package]]
name = "h11"
version = "0.16.0"
source = { registry = "https://pypi.org/simple" }
sdist = { url = "https://files.pythonhosted.org/packages/01/ee/02a2c011bdab74c6fb3c75474d40b3052059d95df7e73351460c8588d963/h11-0.16.0.tar.gz", hash = "sha256:4e35b956cf45792e4caa5885e69fba00bdbc6ffafbfa020300e549b208ee5ff1", size = 101250 }
wheels = [
    { url = "https://files.pythonhosted.org/packages/04/4b/29cac41a4d98d144bf5f6d33995617b185d14b22401f75ca86f384e87ff1/h11-0.16.0-py3-none-any.whl", hash = "sha256:63cf8bbe7522de3bf65932fda1d9c2772064ffb3dae62d55932da54b31cb6c86", size = 37515 },
]

[[package]]
name = "httpcore"
version = "1.0.9"
source = { registry = "https://pypi.org/simple" }
dependencies = [
    { name = "certifi" },
    { name = "h11" },
]
sdist = { url = "https://files.pythonhosted.org/packages/06/94/82699a10bca87a5556c9c59b5963f2d039dbd239f25bc2a63907a05a14cb/httpcore-1.0.9.tar.gz", hash = "sha256:6e34463af53fd2ab5d807f399a9b45ea31c3dfa2276f15a2c3f00afff6e176e8", size = 85484 }
wheels = [
    { url = "https://files.pythonhosted.org/packages/7e/f5/f66802a942d491edb555dd61e3a9961140fd64c90bce1eafd741609d334d/httpcore-1.0.9-py3-none-any.whl", hash = "sha256:2d400746a40668fc9dec9810239072b40b4484b640a8c38fd654a024c7a1bf55", size = 78784 },
]

[[package]]
name = "httpx"
version = "0.25.2"
source = { registry = "https://pypi.org/simple" }
dependencies = [
    { name = "anyio" },
    { name = "certifi" },
    { name = "httpcore" },
    { name = "idna" },
    { name = "sniffio" },
]
sdist = { url = "https://files.pythonhosted.org/packages/8c/23/911d93a022979d3ea295f659fbe7edb07b3f4561a477e83b3a6d0e0c914e/httpx-0.25.2.tar.gz", hash = "sha256:8b8fcaa0c8ea7b05edd69a094e63a2094c4efcb48129fb757361bc423c0ad9e8", size = 123889 }
wheels = [
    { url = "https://files.pythonhosted.org/packages/a2/65/6940eeb21dcb2953778a6895281c179efd9100463ff08cb6232bb6480da7/httpx-0.25.2-py3-none-any.whl", hash = "sha256:a05d3d052d9b2dfce0e3896636467f8a5342fb2b902c819428e1ac65413ca118", size = 74980 },
]

[[package]]
name = "idna"
version = "3.10"
source = { registry = "https://pypi.org/simple" }
sdist = { url = "https://files.pythonhosted.org/packages/f1/70/7703c29685631f5a7590aa73f1f1d3fa9a380e654b86af429e0934a32f7d/idna-3.10.tar.gz", hash = "sha256:12f65c9b470abda6dc35cf8e63cc574b1c52b11df2c86030af0ac09b01b13ea9", size = 190490 }
wheels = [
    { url = "https://files.pythonhosted.org/packages/76/c6/c88e154df9c4e1a2a66ccf0005a88dfb2650c1dffb6f5ce603dfbd452ce3/idna-3.10-py3-none-any.whl", hash = "sha256:946d195a0d259cbba61165e88e65941f16e9b36ea6ddb97f00452bae8b1287d3", size = 70442 },
]

[[package]]
name = "mysql-connector-python"
version = "9.4.0"
source = { registry = "https://pypi.org/simple" }
sdist = { url = "https://files.pythonhosted.org/packages/02/77/2b45e6460d05b1f1b7a4c8eb79a50440b4417971973bb78c9ef6cad630a6/mysql_connector_python-9.4.0.tar.gz", hash = "sha256:d111360332ae78933daf3d48ff497b70739aa292ab0017791a33e826234e743b", size = 12185532 }
wheels = [
    { url = "https://files.pythonhosted.org/packages/fe/0c/4365a802129be9fa63885533c38be019f1c6b6f5bcf8844ac53902314028/mysql_connector_python-9.4.0-cp311-cp311-macosx_14_0_arm64.whl", hash = "sha256:7df1a8ddd182dd8adc914f6dc902a986787bf9599705c29aca7b2ce84e79d361", size = 17501627 },
    { url = "https://files.pythonhosted.org/packages/c0/bf/ca596c00d7a6eaaf8ef2f66c9b23cd312527f483073c43ffac7843049cb4/mysql_connector_python-9.4.0-cp311-cp311-macosx_14_0_x86_64.whl", hash = "sha256:3892f20472e13e63b1fb4983f454771dd29f211b09724e69a9750e299542f2f8", size = 18369494 },
    { url = "https://files.pythonhosted.org/packages/25/14/6510a11ed9f80d77f743dc207773092c4ab78d5efa454b39b48480315d85/mysql_connector_python-9.4.0-cp311-cp311-manylinux_2_28_aarch64.whl", hash = "sha256:d3e87142103d71c4df647ece30f98e85e826652272ed1c74822b56f6acdc38e7", size = 33516187 },
    { url = "https://files.pythonhosted.org/packages/16/a8/4f99d80f1cf77733ce9a44b6adb7f0dd7079e7afa51ca4826515ef0c3e16/mysql_connector_python-9.4.0-cp311-cp311-manylinux_2_28_x86_64.whl", hash = "sha256:b27fcd403436fe83bafb2fe7fcb785891e821e639275c4ad3b3bd1e25f533206", size = 33917818 },
    { url = "https://files.pythonhosted.org/packages/15/9c/127f974ca9d5ee25373cb5433da06bb1f36e05f2a6b7436da1fe9c6346b0/mysql_connector_python-9.4.0-cp311-cp311-win_amd64.whl", hash = "sha256:fd6ff5afb9c324b0bbeae958c93156cce4168c743bf130faf224d52818d1f0ee", size = 16392378 },
    { url = "https://files.pythonhosted.org/packages/03/7c/a543fb17c2dfa6be8548dfdc5879a0c7924cd5d1c79056c48472bb8fe858/mysql_connector_python-9.4.0-cp312-cp312-macosx_14_0_arm64.whl", hash = "sha256:4efa3898a24aba6a4bfdbf7c1f5023c78acca3150d72cc91199cca2ccd22f76f", size = 17503693 },
    { url = "https://files.pythonhosted.org/packages/cb/6e/c22fbee05f5cfd6ba76155b6d45f6261d8d4c1e36e23de04e7f25fbd01a4/mysql_connector_python-9.4.0-cp312-cp312-macosx_14_0_x86_64.whl", hash = "sha256:665c13e7402235162e5b7a2bfdee5895192121b64ea455c90a81edac6a48ede5", size = 18371987 },
    { url = "https://files.pythonhosted.org/packages/b4/fd/f426f5f35a3d3180c7f84d1f96b4631be2574df94ca1156adab8618b236c/mysql_connector_python-9.4.0-cp312-cp312-manylinux_2_28_aarch64.whl", hash = "sha256:815aa6cad0f351c1223ef345781a538f2e5e44ef405fdb3851eb322bd9c4ca2b", size = 33516214 },
    { url = "https://files.pythonhosted.org/packages/45/5a/1b053ae80b43cd3ccebc4bb99a98826969b3b0f8adebdcc2530750ad76ed/mysql_connector_python-9.4.0-cp312-cp312-manylinux_2_28_x86_64.whl", hash = "sha256:b3436a2c8c0ec7052932213e8d01882e6eb069dbab33402e685409084b133a1c", size = 33918565 },
    { url = "https://files.pythonhosted.org/packages/cb/69/36b989de675d98ba8ff7d45c96c30c699865c657046f2e32db14e78f13d9/mysql_connector_python-9.4.0-cp312-cp312-win_amd64.whl", hash = "sha256:57b0c224676946b70548c56798d5023f65afa1ba5b8ac9f04a143d27976c7029", size = 16392563 },
    { url = "https://files.pythonhosted.org/packages/79/e2/13036479cd1070d1080cee747de6c96bd6fbb021b736dd3ccef2b19016c8/mysql_connector_python-9.4.0-cp313-cp313-macosx_14_0_arm64.whl", hash = "sha256:fde3bbffb5270a4b02077029914e6a9d2ec08f67d8375b4111432a2778e7540b", size = 17503749 },
    { url = "https://files.pythonhosted.org/packages/31/df/b89e6551b91332716d384dcc3223e1f8065902209dcd9e477a3df80154f7/mysql_connector_python-9.4.0-cp313-cp313-macosx_14_0_x86_64.whl", hash = "sha256:25f77ad7d845df3b5a5a3a6a8d1fed68248dc418a6938a371d1ddaaab6b9a8e3", size = 18372145 },
    { url = "https://files.pythonhosted.org/packages/07/bd/af0de40a01d5cb4df19318cc018e64666f2b7fa89bffa1ab5b35337aae2c/mysql_connector_python-9.4.0-cp313-cp313-manylinux_2_28_aarch64.whl", hash = "sha256:227dd420c71e6d4788d52d98f298e563f16b6853577e5ade4bd82d644257c812", size = 33516503 },
    { url = "https://files.pythonhosted.org/packages/d1/9b/712053216fcbe695e519ecb1035ffd767c2de9f51ccba15078537c99d6fa/mysql_connector_python-9.4.0-cp313-cp313-manylinux_2_28_x86_64.whl", hash = "sha256:5163381a312d38122eded2197eb5cd7ccf1a5c5881d4e7a6de10d6ea314d088e", size = 33918904 },
    { url = "https://files.pythonhosted.org/packages/64/15/cbd996d425c59811849f3c1d1b1dae089a1ae18c4acd4d8de2b847b772df/mysql_connector_python-9.4.0-cp313-cp313-win_amd64.whl", hash = "sha256:c727cb1f82b40c9aaa7a15ab5cf0a7f87c5d8dce32eab5ff2530a4aa6054e7df", size = 16392566 },
    { url = "https://files.pythonhosted.org/packages/36/34/b6165e15fd45a8deb00932d8e7d823de7650270873b4044c4db6688e1d8f/mysql_connector_python-9.4.0-py2.py3-none-any.whl", hash = "sha256:56e679169c704dab279b176fab2a9ee32d2c632a866c0f7cd48a8a1e2cf802c4", size = 406574 },
]

[[package]]
name = "psutil"
version = "7.0.0"
source = { registry = "https://pypi.org/simple" }
sdist = { url = "https://files.pythonhosted.org/packages/2a/80/336820c1ad9286a4ded7e845b2eccfcb27851ab8ac6abece774a6ff4d3de/psutil-7.0.0.tar.gz", hash = "sha256:7be9c3eba38beccb6495ea33afd982a44074b78f28c434a1f51cc07fd315c456", size = 497003 }
wheels = [
    { url = "https://files.pythonhosted.org/packages/ed/e6/2d26234410f8b8abdbf891c9da62bee396583f713fb9f3325a4760875d22/psutil-7.0.0-cp36-abi3-macosx_10_9_x86_64.whl", hash = "sha256:101d71dc322e3cffd7cea0650b09b3d08b8e7c4109dd6809fe452dfd00e58b25", size = 238051 },
    { url = "https://files.pythonhosted.org/packages/04/8b/30f930733afe425e3cbfc0e1468a30a18942350c1a8816acfade80c005c4/psutil-7.0.0-cp36-abi3-macosx_11_0_arm64.whl", hash = "sha256:39db632f6bb862eeccf56660871433e111b6ea58f2caea825571951d4b6aa3da", size = 239535 },
    { url = "https://files.pythonhosted.org/packages/2a/ed/d362e84620dd22876b55389248e522338ed1bf134a5edd3b8231d7207f6d/psutil-7.0.0-cp36-abi3-manylinux_2_12_i686.manylinux2010_i686.manylinux_2_17_i686.manylinux2014_i686.whl", hash = "sha256:1fcee592b4c6f146991ca55919ea3d1f8926497a713ed7faaf8225e174581e91", size = 275004 },
    { url = "https://files.pythonhosted.org/packages/bf/b9/b0eb3f3cbcb734d930fdf839431606844a825b23eaf9a6ab371edac8162c/psutil-7.0.0-cp36-abi3-manylinux_2_12_x86_64.manylinux2010_x86_64.manylinux_2_17_x86_64.manylinux2014_x86_64.whl", hash = "sha256:4b1388a4f6875d7e2aff5c4ca1cc16c545ed41dd8bb596cefea80111db353a34", size = 277986 },
    { url = "https://files.pythonhosted.org/packages/eb/a2/709e0fe2f093556c17fbafda93ac032257242cabcc7ff3369e2cb76a97aa/psutil-7.0.0-cp36-abi3-manylinux_2_17_aarch64.manylinux2014_aarch64.whl", hash = "sha256:a5f098451abc2828f7dc6b58d44b532b22f2088f4999a937557b603ce72b1993", size = 279544 },
    { url = "https://files.pythonhosted.org/packages/50/e6/eecf58810b9d12e6427369784efe814a1eec0f492084ce8eb8f4d89d6d61/psutil-7.0.0-cp37-abi3-win32.whl", hash = "sha256:ba3fcef7523064a6c9da440fc4d6bd07da93ac726b5733c29027d7dc95b39d99", size = 241053 },
    { url = "https://files.pythonhosted.org/packages/50/1b/6921afe68c74868b4c9fa424dad3be35b095e16687989ebbb50ce4fceb7c/psutil-7.0.0-cp37-abi3-win_amd64.whl", hash = "sha256:4cf3d4eb1aa9b348dec30105c55cd9b7d4629285735a102beb4441e38db90553", size = 244885 },
]

[[package]]
name = "python-telegram-bot"
version = "20.7"
source = { registry = "https://pypi.org/simple" }
dependencies = [
    { name = "httpx" },
]
sdist = { url = "https://files.pythonhosted.org/packages/b6/63/80a61afea467e669edd91ca46de6800814227021e8ea040b87995979b52e/python-telegram-bot-20.7.tar.gz", hash = "sha256:4f146c39de5f5e0b3723c2abedaf78046ebd30a6a49d2281ee4b3af5eb116b68", size = 368874 }
wheels = [
    { url = "https://files.pythonhosted.org/packages/e7/69/285c31caff09a10ce932711a63835775ed7c503783bd808a837ce803f055/python_telegram_bot-20.7-py3-none-any.whl", hash = "sha256:462326c65671c8c39e76c8c96756ee918be6797d225f8db84d2ec0f883383b8c", size = 552646 },
]

[[package]]
name = "repl-nix-workspace"
version = "0.1.0"
source = { virtual = "." }
dependencies = [
    { name = "apscheduler" },
    { name = "mysql-connector-python" },
    { name = "psutil" },
    { name = "python-telegram-bot" },
    { name = "telegram" },
]

[package.metadata]
requires-dist = [
    { name = "apscheduler", specifier = ">=3.11.0" },
    { name = "mysql-connector-python", specifier = ">=9.4.0" },
    { name = "psutil", specifier = ">=7.0.0" },
    { name = "python-telegram-bot", specifier = "==20.7" },
    { name = "telegram", specifier = ">=0.0.1" },
]

[[package]]
name = "sniffio"
version = "1.3.1"
source = { registry = "https://pypi.org/simple" }
sdist = { url = "https://files.pythonhosted.org/packages/a2/87/a6771e1546d97e7e041b6ae58d80074f81b7d5121207425c964ddf5cfdbd/sniffio-1.3.1.tar.gz", hash = "sha256:f4324edc670a0f49750a81b895f35c3adb843cca46f0530f79fc1babb23789dc", size = 20372 }
wheels = [
    { url = "https://files.pythonhosted.org/packages/e9/44/75a9c9421471a6c4805dbf2356f7c181a29c1879239abab1ea2cc8f38b40/sniffio-1.3.1-py3-none-any.whl", hash = "sha256:2f6da418d1f1e0fddd844478f41680e794e6051915791a034ff65e5f100525a2", size = 10235 },
]

[[package]]
name = "telegram"
version = "0.0.1"
source = { registry = "https://pypi.org/simple" }
sdist = { url = "https://files.pythonhosted.org/packages/9d/ca/8bdf2deb93b9f6971dabf2ddc827c2a98ce23e13582a15b37e9bc169f226/telegram-0.0.1.tar.gz", hash = "sha256:d405a0af4c868a8dbeae6d03e297e21c7ee6269e11e2ed3810e15544aba02591", size = 879 }

[[package]]
name = "typing-extensions"
version = "4.14.1"
source = { registry = "https://pypi.org/simple" }
sdist = { url = "https://files.pythonhosted.org/packages/98/5a/da40306b885cc8c09109dc2e1abd358d5684b1425678151cdaed4731c822/typing_extensions-4.14.1.tar.gz", hash = "sha256:38b39f4aeeab64884ce9f74c94263ef78f3c22467c8724005483154c26648d36", size = 107673 }
wheels = [
    { url = "https://files.pythonhosted.org/packages/b5/00/d631e67a838026495268c2f6884f3711a15a9a2a96cd244fdaea53b823fb/typing_extensions-4.14.1-py3-none-any.whl", hash = "sha256:d1e1e3b58374dc93031d6eda2420a48ea44a36c2b4766a4fdeb3710755731d76", size = 43906 },
]

[[package]]
name = "tzdata"
version = "2025.2"
source = { registry = "https://pypi.org/simple" }
sdist = { url = "https://files.pythonhosted.org/packages/95/32/1a225d6164441be760d75c2c42e2780dc0873fe382da3e98a2e1e48361e5/tzdata-2025.2.tar.gz", hash = "sha256:b60a638fcc0daffadf82fe0f57e53d06bdec2f36c4df66280ae79bce6bd6f2b9", size = 196380 }
wheels = [
    { url = "https://files.pythonhosted.org/packages/5c/23/c7abc0ca0a1526a0774eca151daeb8de62ec457e77262b66b359c3c7679e/tzdata-2025.2-py2.py3-none-any.whl", hash = "sha256:1a403fada01ff9221ca8044d701868fa132215d84beb92242d9acd2147f667a8", size = 347839 },
]

[[package]]
name = "tzlocal"
version = "5.3.1"
source = { registry = "https://pypi.org/simple" }
dependencies = [
    { name = "tzdata", marker = "sys_platform == 'win32'" },
]
sdist = { url = "https://files.pythonhosted.org/packages/8b/2e/c14812d3d4d9cd1773c6be938f89e5735a1f11a9f184ac3639b93cef35d5/tzlocal-5.3.1.tar.gz", hash = "sha256:cceffc7edecefea1f595541dbd6e990cb1ea3d19bf01b2809f362a03dd7921fd", size = 30761 }
wheels = [
    { url = "https://files.pythonhosted.org/packages/c2/14/e2a54fabd4f08cd7af1c07030603c3356b74da07f7cc056e600436edfa17/tzlocal-5.3.1-py3-none-any.whl", hash = "sha256:eb1a66c3ef5847adf7a834f1be0800581b683b5608e74f86ecbcef8ab91bb85d", size = 18026 },
]
